
Microsoft Visual Studio Solution File, Format Version 12.00
# Visual Studio Version 17
VisualStudioVersion = 17.9.34728.123
MinimumVisualStudioVersion = 10.0.40219.1
Project("{FAE04EC0-301F-11D3-BF4B-00C04F79EFBC}") = "Calculator", "Calculator\Calculator.csproj", "{50400EEE-7B84-40C8-B122-481D97FB57FD}"
EndProject
Global
	GlobalSection(SolutionConfigurationPlatforms) = preSolution
		Debug|Any CPU = Debug|Any CPU
		Release|Any CPU = Release|Any CPU
	EndGlobalSection
	GlobalSection(ProjectConfigurationPlatforms) = postSolution
		{50400EEE-7B84-40C8-B122-481D97FB57FD}.Debug|Any CPU.ActiveCfg = Debug|Any CPU
		{50400EEE-7B84-40C8-B122-481D97FB57FD}.Debug|Any CPU.Build.0 = Debug|Any CPU
		{50400EEE-7B84-40C8-B122-481D97FB57FD}.Release|Any CPU.ActiveCfg = Release|Any CPU
		{50400EEE-7B84-40C8-B122-481D97FB57FD}.Release|Any CPU.Build.0 = Release|Any CPU
	EndGlobalSection
	GlobalSection(SolutionProperties) = preSolution
		HideSolutionNode = FALSE
	EndGlobalSection
	GlobalSection(ExtensibilityGlobals) = postSolution
		SolutionGuid = {E2F26A47-59E1-41BC-AA6B-148D6797A78F}
	EndGlobalSection
EndGlobal
